
Microsoft Visual Studio Solution File, Format Version 12.00
# Visual Studio Version 17
VisualStudioVersion = 17.14.37216.2 d17.14
MinimumVisualStudioVersion = 10.0.40219.1
Project("{8BC9CEB8-8B4A-11D0-8D11-00A0C91BC942}") = "1.33.1CChallenge.JNts", "1.33.1CChallenge.JNts\1.33.1CChallenge.JNts.vcxproj", "{EECB6EA3-49F6-4CC5-B482-5578B3B32FB8}"
EndProject
Global
	GlobalSection(SolutionConfigurationPlatforms) = preSolution
		Debug|x64 = Debug|x64
		Debug|x86 = Debug|x86
		Release|x64 = Release|x64
		Release|x86 = Release|x86
	EndGlobalSection
	GlobalSection(ProjectConfigurationPlatforms) = postSolution
		{EECB6EA3-49F6-4CC5-B482-5578B3B32FB8}.Debug|x64.ActiveCfg = Debug|x64
		{EECB6EA3-49F6-4CC5-B482-5578B3B32FB8}.Debug|x64.Build.0 = Debug|x64
		{EECB6EA3-49F6-4CC5-B482-5578B3B32FB8}.Debug|x86.ActiveCfg = Debug|Win32
		{EECB6EA3-49F6-4CC5-B482-5578B3B32FB8}.Debug|x86.Build.0 = Debug|Win32
		{EECB6EA3-49F6-4CC5-B482-5578B3B32FB8}.Release|x64.ActiveCfg = Release|x64
		{EECB6EA3-49F6-4CC5-B482-5578B3B32FB8}.Release|x64.Build.0 = Release|x64
		{EECB6EA3-49F6-4CC5-B482-5578B3B32FB8}.Release|x86.ActiveCfg = Release|Win32
		{EECB6EA3-49F6-4CC5-B482-5578B3B32FB8}.Release|x86.Build.0 = Release|Win32
	EndGlobalSection
	GlobalSection(SolutionProperties) = preSolution
		HideSolutionNode = FALSE
	EndGlobalSection
	GlobalSection(ExtensibilityGlobals) = postSolution
		SolutionGuid = {0AC687F1-B977-4299-8504-55F61A24949A}
	EndGlobalSection
EndGlobal
