
Microsoft Visual Studio Solution File, Format Version 12.00
# Visual Studio Version 17
VisualStudioVersion = 17.14.37216.2 d17.14
MinimumVisualStudioVersion = 10.0.40219.1
Project("{8BC9CEB8-8B4A-11D0-8D11-00A0C91BC942}") = "1.29.CBreak.JNts", "1.29.CBreak.JNts\1.29.CBreak.JNts.vcxproj", "{87503E09-2422-4630-B421-51B21AACAE5D}"
EndProject
Global
	GlobalSection(SolutionConfigurationPlatforms) = preSolution
		Debug|x64 = Debug|x64
		Debug|x86 = Debug|x86
		Release|x64 = Release|x64
		Release|x86 = Release|x86
	EndGlobalSection
	GlobalSection(ProjectConfigurationPlatforms) = postSolution
		{87503E09-2422-4630-B421-51B21AACAE5D}.Debug|x64.ActiveCfg = Debug|x64
		{87503E09-2422-4630-B421-51B21AACAE5D}.Debug|x64.Build.0 = Debug|x64
		{87503E09-2422-4630-B421-51B21AACAE5D}.Debug|x86.ActiveCfg = Debug|Win32
		{87503E09-2422-4630-B421-51B21AACAE5D}.Debug|x86.Build.0 = Debug|Win32
		{87503E09-2422-4630-B421-51B21AACAE5D}.Release|x64.ActiveCfg = Release|x64
		{87503E09-2422-4630-B421-51B21AACAE5D}.Release|x64.Build.0 = Release|x64
		{87503E09-2422-4630-B421-51B21AACAE5D}.Release|x86.ActiveCfg = Release|Win32
		{87503E09-2422-4630-B421-51B21AACAE5D}.Release|x86.Build.0 = Release|Win32
	EndGlobalSection
	GlobalSection(SolutionProperties) = preSolution
		HideSolutionNode = FALSE
	EndGlobalSection
	GlobalSection(ExtensibilityGlobals) = postSolution
		SolutionGuid = {8A32B71B-1A24-442C-B8F0-CA8293099009}
	EndGlobalSection
EndGlobal
