
Microsoft Visual Studio Solution File, Format Version 12.00
# Visual Studio Version 17
VisualStudioVersion = 17.14.36717.8 d17.14
MinimumVisualStudioVersion = 10.0.40219.1
Project("{8BC9CEB8-8B4A-11D0-8D11-00A0C91BC942}") = "1.40CParallelArrays.JNts", "1.40CParallelArrays.JNts\1.40CParallelArrays.JNts.vcxproj", "{77FF516E-9890-4EA5-8EAE-76CACC9C367F}"
EndProject
Global
	GlobalSection(SolutionConfigurationPlatforms) = preSolution
		Debug|x64 = Debug|x64
		Debug|x86 = Debug|x86
		Release|x64 = Release|x64
		Release|x86 = Release|x86
	EndGlobalSection
	GlobalSection(ProjectConfigurationPlatforms) = postSolution
		{77FF516E-9890-4EA5-8EAE-76CACC9C367F}.Debug|x64.ActiveCfg = Debug|x64
		{77FF516E-9890-4EA5-8EAE-76CACC9C367F}.Debug|x64.Build.0 = Debug|x64
		{77FF516E-9890-4EA5-8EAE-76CACC9C367F}.Debug|x86.ActiveCfg = Debug|Win32
		{77FF516E-9890-4EA5-8EAE-76CACC9C367F}.Debug|x86.Build.0 = Debug|Win32
		{77FF516E-9890-4EA5-8EAE-76CACC9C367F}.Release|x64.ActiveCfg = Release|x64
		{77FF516E-9890-4EA5-8EAE-76CACC9C367F}.Release|x64.Build.0 = Release|x64
		{77FF516E-9890-4EA5-8EAE-76CACC9C367F}.Release|x86.ActiveCfg = Release|Win32
		{77FF516E-9890-4EA5-8EAE-76CACC9C367F}.Release|x86.Build.0 = Release|Win32
	EndGlobalSection
	GlobalSection(SolutionProperties) = preSolution
		HideSolutionNode = FALSE
	EndGlobalSection
	GlobalSection(ExtensibilityGlobals) = postSolution
		SolutionGuid = {3563C231-31F8-45EB-96DE-D99AEC82F7F3}
	EndGlobalSection
EndGlobal
